
Microsoft Visual Studio Solution File, Format Version 12.00
# Visual Studio Version 16
VisualStudioVersion = 16.0.28917.181
MinimumVisualStudioVersion = 10.0.40219.1
Project("{FAE04EC0-301F-11D3-BF4B-00C04F79EFBC}") = "ConsoleApp1", "ConsoleApp1\ConsoleApp1.csproj", "{5D4AFCF0-6ECE-4041-B13F-023ABBA84D3F}"
EndProject
Global
	GlobalSection(SolutionConfigurationPlatforms) = preSolution
		Debug|Any CPU = Debug|Any CPU
		Release|Any CPU = Release|Any CPU
	EndGlobalSection
	GlobalSection(ProjectConfigurationPlatforms) = postSolution
		{5D4AFCF0-6ECE-4041-B13F-023ABBA84D3F}.Debug|Any CPU.ActiveCfg = Debug|Any CPU
		{5D4AFCF0-6ECE-4041-B13F-023ABBA84D3F}.Debug|Any CPU.Build.0 = Debug|Any CPU
		{5D4AFCF0-6ECE-4041-B13F-023ABBA84D3F}.Release|Any CPU.ActiveCfg = Release|Any CPU
		{5D4AFCF0-6ECE-4041-B13F-023ABBA84D3F}.Release|Any CPU.Build.0 = Release|Any CPU
	EndGlobalSection
	GlobalSection(SolutionProperties) = preSolution
		HideSolutionNode = FALSE
	EndGlobalSection
	GlobalSection(ExtensibilityGlobals) = postSolution
		SolutionGuid = {D5B8900D-033C-4E0D-930C-F1502D277A0E}
	EndGlobalSection
EndGlobal
